
Microsoft Visual Studio Solution File, Format Version 12.00
# Visual Studio 15
VisualStudioVersion = 15.0.27428.2015
MinimumVisualStudioVersion = 10.0.40219.1
Project("{8BC9CEB8-8B4A-11D0-8D11-00A0C91BC942}") = "nginx-win32_vc141", "nginx-win32_vc141.vcxproj", "{1C469FB4-7E6E-4AB3-8440-FB6E4C9B510A}"
EndProject
Project("{8BC9CEB8-8B4A-11D0-8D11-00A0C91BC942}") = "luajit", "..\bundle\LuaJIT-2.1-20181029\BUILD\luajit.vcxproj", "{8C0F0B9E-6C66-304B-9351-4C3BBD03FE0F}"
EndProject
Project("{8BC9CEB8-8B4A-11D0-8D11-00A0C91BC942}") = "cjson", "..\bundle\lua-cjson-2.1.0.7rc1\BUILD\cjson.vcxproj", "{44DFA78A-BE69-3F6D-812B-5736BB6AF9F0}"
EndProject
Project("{8BC9CEB8-8B4A-11D0-8D11-00A0C91BC942}") = "luajit-bin", "..\bundle\LuaJIT-2.1-20181029\BUILD\luajit-bin.vcxproj", "{058FDF6A-C69D-34B3-A00F-F69A43DABCF8}"
EndProject
Project("{8BC9CEB8-8B4A-11D0-8D11-00A0C91BC942}") = "luaossl", "..\bundle\luaossl-rel-20180530\build\luaossl.vcxproj", "{D7CC48BC-3071-49D3-96F7-9E90FCEA0207}"
EndProject
Global
	GlobalSection(SolutionConfigurationPlatforms) = preSolution
		Debug|x86 = Debug|x86
		Release|x86 = Release|x86
	EndGlobalSection
	GlobalSection(ProjectConfigurationPlatforms) = postSolution
		{1C469FB4-7E6E-4AB3-8440-FB6E4C9B510A}.Debug|x86.ActiveCfg = Debug|Win32
		{1C469FB4-7E6E-4AB3-8440-FB6E4C9B510A}.Debug|x86.Build.0 = Debug|Win32
		{1C469FB4-7E6E-4AB3-8440-FB6E4C9B510A}.Release|x86.ActiveCfg = Release|Win32
		{1C469FB4-7E6E-4AB3-8440-FB6E4C9B510A}.Release|x86.Build.0 = Release|Win32
		{8C0F0B9E-6C66-304B-9351-4C3BBD03FE0F}.Debug|x86.ActiveCfg = Debug|Win32
		{8C0F0B9E-6C66-304B-9351-4C3BBD03FE0F}.Debug|x86.Build.0 = Debug|Win32
		{8C0F0B9E-6C66-304B-9351-4C3BBD03FE0F}.Release|x86.ActiveCfg = Release|Win32
		{8C0F0B9E-6C66-304B-9351-4C3BBD03FE0F}.Release|x86.Build.0 = Release|Win32
		{44DFA78A-BE69-3F6D-812B-5736BB6AF9F0}.Debug|x86.ActiveCfg = Debug|Win32
		{44DFA78A-BE69-3F6D-812B-5736BB6AF9F0}.Debug|x86.Build.0 = Debug|Win32
		{44DFA78A-BE69-3F6D-812B-5736BB6AF9F0}.Release|x86.ActiveCfg = Release|Win32
		{44DFA78A-BE69-3F6D-812B-5736BB6AF9F0}.Release|x86.Build.0 = Release|Win32
		{058FDF6A-C69D-34B3-A00F-F69A43DABCF8}.Debug|x86.ActiveCfg = Debug|Win32
		{058FDF6A-C69D-34B3-A00F-F69A43DABCF8}.Debug|x86.Build.0 = Debug|Win32
		{058FDF6A-C69D-34B3-A00F-F69A43DABCF8}.Release|x86.ActiveCfg = Release|Win32
		{058FDF6A-C69D-34B3-A00F-F69A43DABCF8}.Release|x86.Build.0 = Release|Win32
		{D7CC48BC-3071-49D3-96F7-9E90FCEA0207}.Debug|x86.ActiveCfg = Debug|Win32
		{D7CC48BC-3071-49D3-96F7-9E90FCEA0207}.Debug|x86.Build.0 = Debug|Win32
		{D7CC48BC-3071-49D3-96F7-9E90FCEA0207}.Release|x86.ActiveCfg = Release|Win32
		{D7CC48BC-3071-49D3-96F7-9E90FCEA0207}.Release|x86.Build.0 = Release|Win32
	EndGlobalSection
	GlobalSection(SolutionProperties) = preSolution
		HideSolutionNode = FALSE
	EndGlobalSection
	GlobalSection(ExtensibilityGlobals) = postSolution
		SolutionGuid = {38D8A101-3636-4174-BAA5-78DA3929C366}
	EndGlobalSection
EndGlobal
